// !$*UTF8*$!
{
	archiveVersion = 1;
	classes = {
	};
	objectVersion = 46;
	objects = {

/* Begin PBXBuildFile section */
		DEEEE4831C0EFC1A00075FA6 /* main.cpp in Sources */ = {isa = PBXBuildFile; fileRef = DEEEE4821C0EFC1A00075FA6 /* main.cpp */; };
/* End PBXBuildFile section */

/* Begin PBXCopyFilesBuildPhase section */
		DEEEE47D1C0EFC1A00075FA6 /* CopyFiles */ = {
			isa = PBXCopyFilesBuildPhase;
			buildActionMask = 2147483647;
			dstPath = /usr/share/man/man1/;
			dstSubfolderSpec = 0;
			files = (
			);
			runOnlyForDeploymentPostprocessing = 1;
		};
/* End PBXCopyFilesBuildPhase section */

/* Begin PBXFileReference section */
		DEEEE47F1C0EFC1A00075FA6 /* cunchu */ = {isa = PBXFileReference; explicitFileType = "compiled.mach-o.executable"; includeInIndex = 0; path = cunchu; sourceTree = BUILT_PRODUCTS_DIR; };
		DEEEE4821C0EFC1A00075FA6 /* main.cpp */ = {isa = PBXFileReference; lastKnownFileType = sourcecode.cpp.cpp; path = main.cpp; sourceTree = "<group>"; };
/* End PBXFileReference section */

/* Begin PBXFrameworksBuildPhase section */
		DEEEE47C1C0EFC1A00075FA6 /* Frameworks */ = {
			isa = PBXFrameworksBuildPhase;
			buildActionMask = 2147483647;
			files = (
			);
			runOnlyForDeploymentPostprocessing = 0;
		};
/* End PBXFrameworksBuildPhase section */

/* Begin PBXGroup section */
		DEEEE4761C0EFC1A00075FA6 = {
			isa = PBXGroup;
			children = (
				DEEEE4811C0EFC1A00075FA6 /* cunchu */,
				DEEEE4801C0EFC1A00075FA6 /* Products */,
			);
			sourceTree = "<group>";
		};
		DEEEE4801C0EFC1A00075FA6 /* Products */ = {
			isa = PBXGroup;
			children = (
				DEEEE47F1C0EFC1A00075FA6 /* cunchu */,
			);
			name = Products;
			sourceTree = "<group>";
		};
		DEEEE4811C0EFC1A00075FA6 /* cunchu */ = {
			isa = PBXGroup;
			children = (
				DEEEE4821C0EFC1A00075FA6 /* main.cpp */,
			);
			path = cunchu;
			sourceTree = "<group>";
		};
/* End PBXGroup section */

/* Begin PBXNativeTarget section */
		DEEEE47E1C0EFC1A00075FA6 /* cunchu */ = {
			isa = PBXNativeTarget;
			buildConfigurationList = DEEEE4861C0EFC1A00075FA6 /* Build configuration list for PBXNativeTarget "cunchu" */;
			buildPhases = (
				DEEEE47B1C0EFC1A00075FA6 /* Sources */,
				DEEEE47C1C0EFC1A00075FA6 /* Frameworks */,
				DEEEE47D1C0EFC1A00075FA6 /* CopyFiles */,
			);
			buildRules = (
			);
			dependencies = (
			);
			name = cunchu;
			productName = cunchu;
			productReference = DEEEE47F1C0EFC1A00075FA6 /* cunchu */;
			productType = "com.apple.product-type.tool";
		};
/* End PBXNativeTarget section */

/* Begin PBXProject section */
		DEEEE4771C0EFC1A00075FA6 /* Project object */ = {
			isa = PBXProject;
			attributes = {
				LastUpgradeCheck = 0630;
				ORGANIZATIONNAME = 20141105052;
				TargetAttributes = {
					DEEEE47E1C0EFC1A00075FA6 = {
						CreatedOnToolsVersion = 6.3;
					};
				};
			};
			buildConfigurationList = DEEEE47A1C0EFC1A00075FA6 /* Build configuration list for PBXProject "cunchu" */;
			compatibilityVersion = "Xcode 3.2";
			developmentRegion = English;
			hasScannedForEncodings = 0;
			knownRegions = (
				en,
			);
			mainGroup = DEEEE4761C0EFC1A00075FA6;
			productRefGroup = DEEEE4801C0EFC1A00075FA6 /* Products */;
			projectDirPath = "";
			projectRoot = "";
			targets = (
				DEEEE47E1C0EFC1A00075FA6 /* cunchu */,
			);
		};
/* End PBXProject section */

/* Begin PBXSourcesBuildPhase section */
		DEEEE47B1C0EFC1A00075FA6 /* Sources */ = {
			isa = PBXSourcesBuildPhase;
			buildActionMask = 2147483647;
			files = (
				DEEEE4831C0EFC1A00075FA6 /* main.cpp in Sources */,
			);
			runOnlyForDeploymentPostprocessing = 0;
		};
/* End PBXSourcesBuildPhase section */

/* Begin XCBuildConfiguration section */
		DEEEE4841C0EFC1A00075FA6 /* Debug */ = {
			isa = XCBuildConfiguration;
			buildSettings = {
				ALWAYS_SEARCH_USER_PATHS = NO;
				CLANG_CXX_LANGUAGE_STANDARD = "gnu++0x";
				CLANG_CXX_LIBRARY = "libc++";
				CLANG_ENABLE_MODULES = YES;
				CLANG_ENABLE_OBJC_ARC = YES;
				CLANG_WARN_BOOL_CONVERSION = YES;
				CLANG_WARN_CONSTANT_CONVERSION = YES;
				CLANG_WARN_DIRECT_OBJC_ISA_USAGE = YES_ERROR;
				CLANG_WARN_EMPTY_BODY = YES;
				CLANG_WARN_ENUM_CONVERSION = YES;
				CLANG_WARN_INT_CONVERSION = YES;
				CLANG_WARN_OBJC_ROOT_CLASS = YES_ERROR;
				CLANG_WARN_UNREACHABLE_CODE = YES;
				CLANG_WARN__DUPLICATE_METHOD_MATCH = YES;
				COPY_PHASE_STRIP = NO;
				DEBUG_INFORMATION_FORMAT = dwarf;
				ENABLE_STRICT_OBJC_MSGSEND = YES;
				GCC_C_LANGUAGE_STANDARD = gnu99;
				GCC_DYNAMIC_NO_PIC = NO;
				GCC_NO_COMMON_BLOCKS = YES;
				GCC_OPTIMIZATION_LEVEL = 0;
				GCC_PREPROCESSOR_DEFINITIONS = (
					"DEBUG=1",
					"$(inherited)",
				);
				GCC_SYMBOLS_PRIVATE_EXTERN = NO;
				GCC_WARN_64_TO_32_BIT_CONVERSION = YES;
				GCC_WARN_ABOUT_RETURN_TYPE = YES_ERROR;
				GCC_WARN_UNDECLARED_SELECTOR = YES;
				GCC_WARN_UNINITIALIZED_AUTOS = YES_AGGRESSIVE;
				GCC_WARN_UNUSED_FUNCTION = YES;
				GCC_WARN_UNUSED_VARIABLE = YES;
				MACOSX_DEPLOYMENT_TARGET = 10.10;
				MTL_ENABLE_DEBUG_INFO = YES;
				ONLY_ACTIVE_ARCH = YES;
				SDKROOT = macosx;
			};
			name = Debug;
		};
		DEEEE4851C0EFC1A00075FA6 /* Release */ = {
			isa = XCBuildConfiguration;
			buildSettings = {
				ALWAYS_SEARCH_USER_PATHS = NO;
				CLANG_CXX_LANGUAGE_STANDARD = "gnu++0x";
				CLANG_CXX_LIBRARY = "libc++";
				CLANG_ENABLE_MODULES = YES;
				CLANG_ENABLE_OBJC_ARC = YES;
				CLANG_WARN_BOOL_CONVERSION = YES;
				CLANG_WARN_CONSTANT_CONVERSION = YES;
				CLANG_WARN_DIRECT_OBJC_ISA_USAGE = YES_ERROR;
				CLANG_WARN_EMPTY_BODY = YES;
				CLANG_WARN_ENUM_CONVERSION = YES;
				CLANG_WARN_INT_CONVERSION = YES;
				CLANG_WARN_OBJC_ROOT_CLASS = YES_ERROR;
				CLANG_WARN_UNREACHABLE_CODE = YES;
				CLANG_WARN__DUPLICATE_METHOD_MATCH = YES;
				COPY_PHASE_STRIP = NO;
				DEBUG_INFORMATION_FORMAT = "dwarf-with-dsym";
				ENABLE_NS_ASSERTIONS = NO;
				ENABLE_STRICT_OBJC_MSGSEND = YES;
				GCC_C_LANGUAGE_STANDARD = gnu99;
				GCC_NO_COMMON_BLOCKS = YES;
				GCC_WARN_64_TO_32_BIT_CONVERSION = YES;
				GCC_WARN_ABOUT_RETURN_TYPE = YES_ERROR;
				GCC_WARN_UNDECLARED_SELECTOR = YES;
				GCC_WARN_UNINITIALIZED_AUTOS = YES_AGGRESSIVE;
				GCC_WARN_UNUSED_FUNCTION = YES;
				GCC_WARN_UNUSED_VARIABLE = YES;
				MACOSX_DEPLOYMENT_TARGET = 10.10;
				MTL_ENABLE_DEBUG_INFO = NO;
				SDKROOT = macosx;
			};
			name = Release;
		};
		DEEEE4871C0EFC1A00075FA6 /* Debug */ = {
			isa = XCBuildConfiguration;
			buildSettings = {
				PRODUCT_NAME = "$(TARGET_NAME)";
			};
			name = Debug;
		};
		DEEEE4881C0EFC1A00075FA6 /* Release */ = {
			isa = XCBuildConfiguration;
			buildSettings = {
				PRODUCT_NAME = "$(TARGET_NAME)";
			};
			name = Release;
		};
/* End XCBuildConfiguration section */

/* Begin XCConfigurationList section */
		DEEEE47A1C0EFC1A00075FA6 /* Build configuration list for PBXProject "cunchu" */ = {
			isa = XCConfigurationList;
			buildConfigurations = (
				DEEEE4841C0EFC1A00075FA6 /* Debug */,
				DEEEE4851C0EFC1A00075FA6 /* Release */,
			);
			defaultConfigurationIsVisible = 0;
			defaultConfigurationName = Release;
		};
		DEEEE4861C0EFC1A00075FA6 /* Build configuration list for PBXNativeTarget "cunchu" */ = {
			isa = XCConfigurationList;
			buildConfigurations = (
				DEEEE4871C0EFC1A00075FA6 /* Debug */,
				DEEEE4881C0EFC1A00075FA6 /* Release */,
			);
			defaultConfigurationIsVisible = 0;
		};
/* End XCConfigurationList section */
	};
	rootObject = DEEEE4771C0EFC1A00075FA6 /* Project object */;
}
